// !$*UTF8*$!
{
	archiveVersion = 1;
	classes = {
	};
	objectVersion = 56;
	objects = {

/* Begin PBXBuildFile section */
		575823652C17BC8D000EEC7A /* Cocktail.swift in Sources */ = {isa = PBXBuildFile; fileRef = 575823642C17BC8D000EEC7A /* Cocktail.swift */; };
		575823682C17D21B000EEC7A /* Auth in Frameworks */ = {isa = PBXBuildFile; productRef = 575823672C17D21B000EEC7A /* Auth */; };
		5758236A2C17D21B000EEC7A /* Functions in Frameworks */ = {isa = PBXBuildFile; productRef = 575823692C17D21B000EEC7A /* Functions */; };
		5758236C2C17D21B000EEC7A /* PostgREST in Frameworks */ = {isa = PBXBuildFile; productRef = 5758236B2C17D21B000EEC7A /* PostgREST */; };
		5758236E2C17D21B000EEC7A /* Realtime in Frameworks */ = {isa = PBXBuildFile; productRef = 5758236D2C17D21B000EEC7A /* Realtime */; };
		575823702C17D21B000EEC7A /* Storage in Frameworks */ = {isa = PBXBuildFile; productRef = 5758236F2C17D21B000EEC7A /* Storage */; };
		575823722C17D21B000EEC7A /* Supabase in Frameworks */ = {isa = PBXBuildFile; productRef = 575823712C17D21B000EEC7A /* Supabase */; };
		575823742C17D516000EEC7A /* Supabase.swift in Sources */ = {isa = PBXBuildFile; fileRef = 575823732C17D516000EEC7A /* Supabase.swift */; };
		575823762C17D74C000EEC7A /* HomepageViewModel.swift in Sources */ = {isa = PBXBuildFile; fileRef = 575823752C17D74C000EEC7A /* HomepageViewModel.swift */; };
		575823792C181DE0000EEC7A /* Constants.swift in Sources */ = {isa = PBXBuildFile; fileRef = 575823782C181DE0000EEC7A /* Constants.swift */; };
		5782A6602C168ECB000015CB /* Preview Content.xcassets in Resources */ = {isa = PBXBuildFile; fileRef = 5782A65F2C168ECB000015CB /* Preview Content.xcassets */; };
		5782A6622C168F15000015CB /* HomepageView.swift in Sources */ = {isa = PBXBuildFile; fileRef = 5782A6612C168F15000015CB /* HomepageView.swift */; };
		5782A6652C16962A000015CB /* ImageCard.swift in Sources */ = {isa = PBXBuildFile; fileRef = 5782A6642C16962A000015CB /* ImageCard.swift */; };
		5782A6672C16987E000015CB /* RecipesCarousel.swift in Sources */ = {isa = PBXBuildFile; fileRef = 5782A6662C16987E000015CB /* RecipesCarousel.swift */; };
		5782A6692C1698CF000015CB /* RecipesCarouselItem.swift in Sources */ = {isa = PBXBuildFile; fileRef = 5782A6682C1698CF000015CB /* RecipesCarouselItem.swift */; };
		57B5A4932C1FA8C600C5917C /* InventoryView.swift in Sources */ = {isa = PBXBuildFile; fileRef = 57B5A4922C1FA8C600C5917C /* InventoryView.swift */; };
		57B5A4962C1FAAB400C5917C /* InventoryViewModel.swift in Sources */ = {isa = PBXBuildFile; fileRef = 57B5A4952C1FAAB400C5917C /* InventoryViewModel.swift */; };
		57EA6D4F2C1414A200AE66DD /* MixMateApp.swift in Sources */ = {isa = PBXBuildFile; fileRef = 57EA6D4E2C1414A200AE66DD /* MixMateApp.swift */; };
		57EA6D512C1414A200AE66DD /* MainView.swift in Sources */ = {isa = PBXBuildFile; fileRef = 57EA6D502C1414A200AE66DD /* MainView.swift */; };
		57EA6D532C1414A300AE66DD /* Assets.xcassets in Resources */ = {isa = PBXBuildFile; fileRef = 57EA6D522C1414A300AE66DD /* Assets.xcassets */; };
/* End PBXBuildFile section */

/* Begin PBXFileReference section */
		575823642C17BC8D000EEC7A /* Cocktail.swift */ = {isa = PBXFileReference; lastKnownFileType = sourcecode.swift; path = Cocktail.swift; sourceTree = "<group>"; };
		575823732C17D516000EEC7A /* Supabase.swift */ = {isa = PBXFileReference; lastKnownFileType = sourcecode.swift; path = Supabase.swift; sourceTree = "<group>"; };
		575823752C17D74C000EEC7A /* HomepageViewModel.swift */ = {isa = PBXFileReference; lastKnownFileType = sourcecode.swift; path = HomepageViewModel.swift; sourceTree = "<group>"; };
		575823782C181DE0000EEC7A /* Constants.swift */ = {isa = PBXFileReference; lastKnownFileType = sourcecode.swift; path = Constants.swift; sourceTree = "<group>"; };
		5782A65F2C168ECB000015CB /* Preview Content.xcassets */ = {isa = PBXFileReference; lastKnownFileType = folder.assetcatalog; path = "Preview Content.xcassets"; sourceTree = "<group>"; };
		5782A6612C168F15000015CB /* HomepageView.swift */ = {isa = PBXFileReference; lastKnownFileType = sourcecode.swift; path = HomepageView.swift; sourceTree = "<group>"; };
		5782A6642C16962A000015CB /* ImageCard.swift */ = {isa = PBXFileReference; lastKnownFileType = sourcecode.swift; path = ImageCard.swift; sourceTree = "<group>"; };
		5782A6662C16987E000015CB /* RecipesCarousel.swift */ = {isa = PBXFileReference; lastKnownFileType = sourcecode.swift; path = RecipesCarousel.swift; sourceTree = "<group>"; };
		5782A6682C1698CF000015CB /* RecipesCarouselItem.swift */ = {isa = PBXFileReference; lastKnownFileType = sourcecode.swift; path = RecipesCarouselItem.swift; sourceTree = "<group>"; };
		57B5A4922C1FA8C600C5917C /* InventoryView.swift */ = {isa = PBXFileReference; lastKnownFileType = sourcecode.swift; path = InventoryView.swift; sourceTree = "<group>"; };
		57B5A4952C1FAAB400C5917C /* InventoryViewModel.swift */ = {isa = PBXFileReference; lastKnownFileType = sourcecode.swift; path = InventoryViewModel.swift; sourceTree = "<group>"; };
		57EA6D4B2C1414A200AE66DD /* MixMate.app */ = {isa = PBXFileReference; explicitFileType = wrapper.application; includeInIndex = 0; path = MixMate.app; sourceTree = BUILT_PRODUCTS_DIR; };
		57EA6D4E2C1414A200AE66DD /* MixMateApp.swift */ = {isa = PBXFileReference; lastKnownFileType = sourcecode.swift; path = MixMateApp.swift; sourceTree = "<group>"; };
		57EA6D502C1414A200AE66DD /* MainView.swift */ = {isa = PBXFileReference; lastKnownFileType = sourcecode.swift; path = MainView.swift; sourceTree = "<group>"; };
		57EA6D522C1414A300AE66DD /* Assets.xcassets */ = {isa = PBXFileReference; lastKnownFileType = folder.assetcatalog; path = Assets.xcassets; sourceTree = "<group>"; };
/* End PBXFileReference section */

/* Begin PBXFrameworksBuildPhase section */
		57EA6D482C1414A200AE66DD /* Frameworks */ = {
			isa = PBXFrameworksBuildPhase;
			buildActionMask = 2147483647;
			files = (
				5758236C2C17D21B000EEC7A /* PostgREST in Frameworks */,
				5758236A2C17D21B000EEC7A /* Functions in Frameworks */,
				575823722C17D21B000EEC7A /* Supabase in Frameworks */,
				575823682C17D21B000EEC7A /* Auth in Frameworks */,
				575823702C17D21B000EEC7A /* Storage in Frameworks */,
				5758236E2C17D21B000EEC7A /* Realtime in Frameworks */,
			);
			runOnlyForDeploymentPostprocessing = 0;
		};
/* End PBXFrameworksBuildPhase section */

/* Begin PBXGroup section */
		575823772C181DCB000EEC7A /* Helpers */ = {
			isa = PBXGroup;
			children = (
				575823782C181DE0000EEC7A /* Constants.swift */,
			);
			path = Helpers;
			sourceTree = "<group>";
		};
		5782A65A2C168DE3000015CB /* Homepage */ = {
			isa = PBXGroup;
			children = (
				5782A6612C168F15000015CB /* HomepageView.swift */,
				575823752C17D74C000EEC7A /* HomepageViewModel.swift */,
			);
			path = Homepage;
			sourceTree = "<group>";
		};
		5782A65B2C168E40000015CB /* App */ = {
			isa = PBXGroup;
			children = (
				57EA6D502C1414A200AE66DD /* MainView.swift */,
				57EA6D4E2C1414A200AE66DD /* MixMateApp.swift */,
				5782A6632C16960F000015CB /* Components */,
				5782A65A2C168DE3000015CB /* Homepage */,
				57B5A48F2C1FA87300C5917C /* Inventory */,
			);
			path = App;
			sourceTree = "<group>";
		};
		5782A65C2C168E48000015CB /* Models */ = {
			isa = PBXGroup;
			children = (
				575823642C17BC8D000EEC7A /* Cocktail.swift */,
			);
			path = Models;
			sourceTree = "<group>";
		};
		5782A65D2C168E4E000015CB /* Networking */ = {
			isa = PBXGroup;
			children = (
				575823732C17D516000EEC7A /* Supabase.swift */,
			);
			path = Networking;
			sourceTree = "<group>";
		};
		5782A65E2C168EBA000015CB /* Preview Content */ = {
			isa = PBXGroup;
			children = (
				5782A65F2C168ECB000015CB /* Preview Content.xcassets */,
			);
			path = "Preview Content";
			sourceTree = "<group>";
		};
		5782A6632C16960F000015CB /* Components */ = {
			isa = PBXGroup;
			children = (
				5782A6642C16962A000015CB /* ImageCard.swift */,
				5782A6662C16987E000015CB /* RecipesCarousel.swift */,
				5782A6682C1698CF000015CB /* RecipesCarouselItem.swift */,
			);
			path = Components;
			sourceTree = "<group>";
		};
		57B5A48F2C1FA87300C5917C /* Inventory */ = {
			isa = PBXGroup;
			children = (
				57B5A4922C1FA8C600C5917C /* InventoryView.swift */,
				57B5A4952C1FAAB400C5917C /* InventoryViewModel.swift */,
			);
			path = Inventory;
			sourceTree = "<group>";
		};
		57EA6D422C1414A200AE66DD = {
			isa = PBXGroup;
			children = (
				57EA6D4D2C1414A200AE66DD /* MixMate */,
				57EA6D4C2C1414A200AE66DD /* Products */,
			);
			sourceTree = "<group>";
		};
		57EA6D4C2C1414A200AE66DD /* Products */ = {
			isa = PBXGroup;
			children = (
				57EA6D4B2C1414A200AE66DD /* MixMate.app */,
			);
			name = Products;
			sourceTree = "<group>";
		};
		57EA6D4D2C1414A200AE66DD /* MixMate */ = {
			isa = PBXGroup;
			children = (
				575823772C181DCB000EEC7A /* Helpers */,
				57EA6D522C1414A300AE66DD /* Assets.xcassets */,
				5782A65B2C168E40000015CB /* App */,
				5782A65C2C168E48000015CB /* Models */,
				5782A65D2C168E4E000015CB /* Networking */,
				5782A65E2C168EBA000015CB /* Preview Content */,
			);
			path = MixMate;
			sourceTree = "<group>";
		};
/* End PBXGroup section */

/* Begin PBXNativeTarget section */
		57EA6D4A2C1414A200AE66DD /* MixMate */ = {
			isa = PBXNativeTarget;
			buildConfigurationList = 57EA6D592C1414A300AE66DD /* Build configuration list for PBXNativeTarget "MixMate" */;
			buildPhases = (
				57EA6D472C1414A200AE66DD /* Sources */,
				57EA6D482C1414A200AE66DD /* Frameworks */,
				57EA6D492C1414A200AE66DD /* Resources */,
			);
			buildRules = (
			);
			dependencies = (
			);
			name = MixMate;
			packageProductDependencies = (
				575823672C17D21B000EEC7A /* Auth */,
				575823692C17D21B000EEC7A /* Functions */,
				5758236B2C17D21B000EEC7A /* PostgREST */,
				5758236D2C17D21B000EEC7A /* Realtime */,
				5758236F2C17D21B000EEC7A /* Storage */,
				575823712C17D21B000EEC7A /* Supabase */,
			);
			productName = MixMate;
			productReference = 57EA6D4B2C1414A200AE66DD /* MixMate.app */;
			productType = "com.apple.product-type.application";
		};
/* End PBXNativeTarget section */

/* Begin PBXProject section */
		57EA6D432C1414A200AE66DD /* Project object */ = {
			isa = PBXProject;
			attributes = {
				BuildIndependentTargetsInParallel = 1;
				LastSwiftUpdateCheck = 1500;
				LastUpgradeCheck = 1500;
				TargetAttributes = {
					57EA6D4A2C1414A200AE66DD = {
						CreatedOnToolsVersion = 15.0.1;
					};
				};
			};
			buildConfigurationList = 57EA6D462C1414A200AE66DD /* Build configuration list for PBXProject "MixMate" */;
			compatibilityVersion = "Xcode 14.0";
			developmentRegion = en;
			hasScannedForEncodings = 0;
			knownRegions = (
				en,
				Base,
			);
			mainGroup = 57EA6D422C1414A200AE66DD;
			packageReferences = (
				575823662C17D21B000EEC7A /* XCRemoteSwiftPackageReference "supabase-swift" */,
			);
			productRefGroup = 57EA6D4C2C1414A200AE66DD /* Products */;
			projectDirPath = "";
			projectRoot = "";
			targets = (
				57EA6D4A2C1414A200AE66DD /* MixMate */,
			);
		};
/* End PBXProject section */

/* Begin PBXResourcesBuildPhase section */
		57EA6D492C1414A200AE66DD /* Resources */ = {
			isa = PBXResourcesBuildPhase;
			buildActionMask = 2147483647;
			files = (
				5782A6602C168ECB000015CB /* Preview Content.xcassets in Resources */,
				57EA6D532C1414A300AE66DD /* Assets.xcassets in Resources */,
			);
			runOnlyForDeploymentPostprocessing = 0;
		};
/* End PBXResourcesBuildPhase section */

/* Begin PBXSourcesBuildPhase section */
		57EA6D472C1414A200AE66DD /* Sources */ = {
			isa = PBXSourcesBuildPhase;
			buildActionMask = 2147483647;
			files = (
				5782A6622C168F15000015CB /* HomepageView.swift in Sources */,
				57B5A4962C1FAAB400C5917C /* InventoryViewModel.swift in Sources */,
				57B5A4932C1FA8C600C5917C /* InventoryView.swift in Sources */,
				57EA6D512C1414A200AE66DD /* MainView.swift in Sources */,
				575823652C17BC8D000EEC7A /* Cocktail.swift in Sources */,
				5782A6692C1698CF000015CB /* RecipesCarouselItem.swift in Sources */,
				575823762C17D74C000EEC7A /* HomepageViewModel.swift in Sources */,
				575823792C181DE0000EEC7A /* Constants.swift in Sources */,
				5782A6672C16987E000015CB /* RecipesCarousel.swift in Sources */,
				575823742C17D516000EEC7A /* Supabase.swift in Sources */,
				57EA6D4F2C1414A200AE66DD /* MixMateApp.swift in Sources */,
				5782A6652C16962A000015CB /* ImageCard.swift in Sources */,
			);
			runOnlyForDeploymentPostprocessing = 0;
		};
/* End PBXSourcesBuildPhase section */

/* Begin XCBuildConfiguration section */
		57EA6D572C1414A300AE66DD /* Debug */ = {
			isa = XCBuildConfiguration;
			buildSettings = {
				ALWAYS_SEARCH_USER_PATHS = NO;
				ASSETCATALOG_COMPILER_GENERATE_SWIFT_ASSET_SYMBOL_EXTENSIONS = YES;
				CLANG_ANALYZER_NONNULL = YES;
				CLANG_ANALYZER_NUMBER_OBJECT_CONVERSION = YES_AGGRESSIVE;
				CLANG_CXX_LANGUAGE_STANDARD = "gnu++20";
				CLANG_ENABLE_MODULES = YES;
				CLANG_ENABLE_OBJC_ARC = YES;
				CLANG_ENABLE_OBJC_WEAK = YES;
				CLANG_WARN_BLOCK_CAPTURE_AUTORELEASING = YES;
				CLANG_WARN_BOOL_CONVERSION = YES;
				CLANG_WARN_COMMA = YES;
				CLANG_WARN_CONSTANT_CONVERSION = YES;
				CLANG_WARN_DEPRECATED_OBJC_IMPLEMENTATIONS = YES;
				CLANG_WARN_DIRECT_OBJC_ISA_USAGE = YES_ERROR;
				CLANG_WARN_DOCUMENTATION_COMMENTS = YES;
				CLANG_WARN_EMPTY_BODY = YES;
				CLANG_WARN_ENUM_CONVERSION = YES;
				CLANG_WARN_INFINITE_RECURSION = YES;
				CLANG_WARN_INT_CONVERSION = YES;
				CLANG_WARN_NON_LITERAL_NULL_CONVERSION = YES;
				CLANG_WARN_OBJC_IMPLICIT_RETAIN_SELF = YES;
				CLANG_WARN_OBJC_LITERAL_CONVERSION = YES;
				CLANG_WARN_OBJC_ROOT_CLASS = YES_ERROR;
				CLANG_WARN_QUOTED_INCLUDE_IN_FRAMEWORK_HEADER = YES;
				CLANG_WARN_RANGE_LOOP_ANALYSIS = YES;
				CLANG_WARN_STRICT_PROTOTYPES = YES;
				CLANG_WARN_SUSPICIOUS_MOVE = YES;
				CLANG_WARN_UNGUARDED_AVAILABILITY = YES_AGGRESSIVE;
				CLANG_WARN_UNREACHABLE_CODE = YES;
				CLANG_WARN__DUPLICATE_METHOD_MATCH = YES;
				COPY_PHASE_STRIP = NO;
				DEBUG_INFORMATION_FORMAT = dwarf;
				ENABLE_STRICT_OBJC_MSGSEND = YES;
				ENABLE_TESTABILITY = YES;
				ENABLE_USER_SCRIPT_SANDBOXING = YES;
				GCC_C_LANGUAGE_STANDARD = gnu17;
				GCC_DYNAMIC_NO_PIC = NO;
				GCC_NO_COMMON_BLOCKS = YES;
				GCC_OPTIMIZATION_LEVEL = 0;
				GCC_PREPROCESSOR_DEFINITIONS = (
					"DEBUG=1",
					"$(inherited)",
				);
				GCC_WARN_64_TO_32_BIT_CONVERSION = YES;
				GCC_WARN_ABOUT_RETURN_TYPE = YES_ERROR;
				GCC_WARN_UNDECLARED_SELECTOR = YES;
				GCC_WARN_UNINITIALIZED_AUTOS = YES_AGGRESSIVE;
				GCC_WARN_UNUSED_FUNCTION = YES;
				GCC_WARN_UNUSED_VARIABLE = YES;
				IPHONEOS_DEPLOYMENT_TARGET = 17.0;
				LOCALIZATION_PREFERS_STRING_CATALOGS = YES;
				MTL_ENABLE_DEBUG_INFO = INCLUDE_SOURCE;
				MTL_FAST_MATH = YES;
				ONLY_ACTIVE_ARCH = YES;
				SDKROOT = iphoneos;
				SWIFT_ACTIVE_COMPILATION_CONDITIONS = "DEBUG $(inherited)";
				SWIFT_OPTIMIZATION_LEVEL = "-Onone";
			};
			name = Debug;
		};
		57EA6D582C1414A300AE66DD /* Release */ = {
			isa = XCBuildConfiguration;
			buildSettings = {
				ALWAYS_SEARCH_USER_PATHS = NO;
				ASSETCATALOG_COMPILER_GENERATE_SWIFT_ASSET_SYMBOL_EXTENSIONS = YES;
				CLANG_ANALYZER_NONNULL = YES;
				CLANG_ANALYZER_NUMBER_OBJECT_CONVERSION = YES_AGGRESSIVE;
				CLANG_CXX_LANGUAGE_STANDARD = "gnu++20";
				CLANG_ENABLE_MODULES = YES;
				CLANG_ENABLE_OBJC_ARC = YES;
				CLANG_ENABLE_OBJC_WEAK = YES;
				CLANG_WARN_BLOCK_CAPTURE_AUTORELEASING = YES;
				CLANG_WARN_BOOL_CONVERSION = YES;
				CLANG_WARN_COMMA = YES;
				CLANG_WARN_CONSTANT_CONVERSION = YES;
				CLANG_WARN_DEPRECATED_OBJC_IMPLEMENTATIONS = YES;
				CLANG_WARN_DIRECT_OBJC_ISA_USAGE = YES_ERROR;
				CLANG_WARN_DOCUMENTATION_COMMENTS = YES;
				CLANG_WARN_EMPTY_BODY = YES;
				CLANG_WARN_ENUM_CONVERSION = YES;
				CLANG_WARN_INFINITE_RECURSION = YES;
				CLANG_WARN_INT_CONVERSION = YES;
				CLANG_WARN_NON_LITERAL_NULL_CONVERSION = YES;
				CLANG_WARN_OBJC_IMPLICIT_RETAIN_SELF = YES;
				CLANG_WARN_OBJC_LITERAL_CONVERSION = YES;
				CLANG_WARN_OBJC_ROOT_CLASS = YES_ERROR;
				CLANG_WARN_QUOTED_INCLUDE_IN_FRAMEWORK_HEADER = YES;
				CLANG_WARN_RANGE_LOOP_ANALYSIS = YES;
				CLANG_WARN_STRICT_PROTOTYPES = YES;
				CLANG_WARN_SUSPICIOUS_MOVE = YES;
				CLANG_WARN_UNGUARDED_AVAILABILITY = YES_AGGRESSIVE;
				CLANG_WARN_UNREACHABLE_CODE = YES;
				CLANG_WARN__DUPLICATE_METHOD_MATCH = YES;
				COPY_PHASE_STRIP = NO;
				DEBUG_INFORMATION_FORMAT = "dwarf-with-dsym";
				ENABLE_NS_ASSERTIONS = NO;
				ENABLE_STRICT_OBJC_MSGSEND = YES;
				ENABLE_USER_SCRIPT_SANDBOXING = YES;
				GCC_C_LANGUAGE_STANDARD = gnu17;
				GCC_NO_COMMON_BLOCKS = YES;
				GCC_WARN_64_TO_32_BIT_CONVERSION = YES;
				GCC_WARN_ABOUT_RETURN_TYPE = YES_ERROR;
				GCC_WARN_UNDECLARED_SELECTOR = YES;
				GCC_WARN_UNINITIALIZED_AUTOS = YES_AGGRESSIVE;
				GCC_WARN_UNUSED_FUNCTION = YES;
				GCC_WARN_UNUSED_VARIABLE = YES;
				IPHONEOS_DEPLOYMENT_TARGET = 17.0;
				LOCALIZATION_PREFERS_STRING_CATALOGS = YES;
				MTL_ENABLE_DEBUG_INFO = NO;
				MTL_FAST_MATH = YES;
				SDKROOT = iphoneos;
				SWIFT_COMPILATION_MODE = wholemodule;
				VALIDATE_PRODUCT = YES;
			};
			name = Release;
		};
		57EA6D5A2C1414A300AE66DD /* Debug */ = {
			isa = XCBuildConfiguration;
			buildSettings = {
				ASSETCATALOG_COMPILER_APPICON_NAME = AppIcon;
				ASSETCATALOG_COMPILER_GLOBAL_ACCENT_COLOR_NAME = AccentColor;
				CODE_SIGN_STYLE = Automatic;
				CURRENT_PROJECT_VERSION = 1;
				DEVELOPMENT_ASSET_PATHS = "\"MixMate/Preview Content\"";
				DEVELOPMENT_TEAM = 96JYKUR964;
				ENABLE_PREVIEWS = YES;
				GENERATE_INFOPLIST_FILE = YES;
				INFOPLIST_KEY_UIApplicationSceneManifest_Generation = YES;
				INFOPLIST_KEY_UIApplicationSupportsIndirectInputEvents = YES;
				INFOPLIST_KEY_UILaunchScreen_Generation = YES;
				INFOPLIST_KEY_UISupportedInterfaceOrientations_iPad = "UIInterfaceOrientationPortrait UIInterfaceOrientationPortraitUpsideDown UIInterfaceOrientationLandscapeLeft UIInterfaceOrientationLandscapeRight";
				INFOPLIST_KEY_UISupportedInterfaceOrientations_iPhone = "UIInterfaceOrientationPortrait UIInterfaceOrientationLandscapeLeft UIInterfaceOrientationLandscapeRight";
				LD_RUNPATH_SEARCH_PATHS = (
					"$(inherited)",
					"@executable_path/Frameworks",
				);
				MARKETING_VERSION = 1.0;
				PRODUCT_BUNDLE_IDENTIFIER = mixmate.MixMate;
				PRODUCT_NAME = "$(TARGET_NAME)";
				SWIFT_EMIT_LOC_STRINGS = YES;
				SWIFT_VERSION = 5.0;
				TARGETED_DEVICE_FAMILY = "1,2";
			};
			name = Debug;
		};
		57EA6D5B2C1414A300AE66DD /* Release */ = {
			isa = XCBuildConfiguration;
			buildSettings = {
				ASSETCATALOG_COMPILER_APPICON_NAME = AppIcon;
				ASSETCATALOG_COMPILER_GLOBAL_ACCENT_COLOR_NAME = AccentColor;
				CODE_SIGN_STYLE = Automatic;
				CURRENT_PROJECT_VERSION = 1;
				DEVELOPMENT_ASSET_PATHS = "\"MixMate/Preview Content\"";
				DEVELOPMENT_TEAM = 96JYKUR964;
				ENABLE_PREVIEWS = YES;
				GENERATE_INFOPLIST_FILE = YES;
				INFOPLIST_KEY_UIApplicationSceneManifest_Generation = YES;
				INFOPLIST_KEY_UIApplicationSupportsIndirectInputEvents = YES;
				INFOPLIST_KEY_UILaunchScreen_Generation = YES;
				INFOPLIST_KEY_UISupportedInterfaceOrientations_iPad = "UIInterfaceOrientationPortrait UIInterfaceOrientationPortraitUpsideDown UIInterfaceOrientationLandscapeLeft UIInterfaceOrientationLandscapeRight";
				INFOPLIST_KEY_UISupportedInterfaceOrientations_iPhone = "UIInterfaceOrientationPortrait UIInterfaceOrientationLandscapeLeft UIInterfaceOrientationLandscapeRight";
				LD_RUNPATH_SEARCH_PATHS = (
					"$(inherited)",
					"@executable_path/Frameworks",
				);
				MARKETING_VERSION = 1.0;
				PRODUCT_BUNDLE_IDENTIFIER = mixmate.MixMate;
				PRODUCT_NAME = "$(TARGET_NAME)";
				SWIFT_EMIT_LOC_STRINGS = YES;
				SWIFT_VERSION = 5.0;
				TARGETED_DEVICE_FAMILY = "1,2";
			};
			name = Release;
		};
/* End XCBuildConfiguration section */

/* Begin XCConfigurationList section */
		57EA6D462C1414A200AE66DD /* Build configuration list for PBXProject "MixMate" */ = {
			isa = XCConfigurationList;
			buildConfigurations = (
				57EA6D572C1414A300AE66DD /* Debug */,
				57EA6D582C1414A300AE66DD /* Release */,
			);
			defaultConfigurationIsVisible = 0;
			defaultConfigurationName = Release;
		};
		57EA6D592C1414A300AE66DD /* Build configuration list for PBXNativeTarget "MixMate" */ = {
			isa = XCConfigurationList;
			buildConfigurations = (
				57EA6D5A2C1414A300AE66DD /* Debug */,
				57EA6D5B2C1414A300AE66DD /* Release */,
			);
			defaultConfigurationIsVisible = 0;
			defaultConfigurationName = Release;
		};
/* End XCConfigurationList section */

/* Begin XCRemoteSwiftPackageReference section */
		575823662C17D21B000EEC7A /* XCRemoteSwiftPackageReference "supabase-swift" */ = {
			isa = XCRemoteSwiftPackageReference;
			repositoryURL = "https://github.com/supabase/supabase-swift.git";
			requirement = {
				kind = upToNextMajorVersion;
				minimumVersion = 2.5.1;
			};
		};
/* End XCRemoteSwiftPackageReference section */

/* Begin XCSwiftPackageProductDependency section */
		575823672C17D21B000EEC7A /* Auth */ = {
			isa = XCSwiftPackageProductDependency;
			package = 575823662C17D21B000EEC7A /* XCRemoteSwiftPackageReference "supabase-swift" */;
			productName = Auth;
		};
		575823692C17D21B000EEC7A /* Functions */ = {
			isa = XCSwiftPackageProductDependency;
			package = 575823662C17D21B000EEC7A /* XCRemoteSwiftPackageReference "supabase-swift" */;
			productName = Functions;
		};
		5758236B2C17D21B000EEC7A /* PostgREST */ = {
			isa = XCSwiftPackageProductDependency;
			package = 575823662C17D21B000EEC7A /* XCRemoteSwiftPackageReference "supabase-swift" */;
			productName = PostgREST;
		};
		5758236D2C17D21B000EEC7A /* Realtime */ = {
			isa = XCSwiftPackageProductDependency;
			package = 575823662C17D21B000EEC7A /* XCRemoteSwiftPackageReference "supabase-swift" */;
			productName = Realtime;
		};
		5758236F2C17D21B000EEC7A /* Storage */ = {
			isa = XCSwiftPackageProductDependency;
			package = 575823662C17D21B000EEC7A /* XCRemoteSwiftPackageReference "supabase-swift" */;
			productName = Storage;
		};
		575823712C17D21B000EEC7A /* Supabase */ = {
			isa = XCSwiftPackageProductDependency;
			package = 575823662C17D21B000EEC7A /* XCRemoteSwiftPackageReference "supabase-swift" */;
			productName = Supabase;
		};
/* End XCSwiftPackageProductDependency section */
	};
	rootObject = 57EA6D432C1414A200AE66DD /* Project object */;
}
